
Microsoft Visual Studio Solution File, Format Version 12.00
# Visual Studio Version 16
VisualStudioVersion = 16.0.30711.63
MinimumVisualStudioVersion = 10.0.40219.1
Project("{FAE04EC0-301F-11D3-BF4B-00C04F79EFBC}") = "Multithreading", "Multithreading\Multithreading.csproj", "{1F5417AA-273E-449E-9C6C-AD557750191D}"
EndProject
Project("{FAE04EC0-301F-11D3-BF4B-00C04F79EFBC}") = "Inheritance", "Inheritance\Inheritance.csproj", "{49E91C72-70FB-4B2A-950D-8F8E190E46E8}"
EndProject
Project("{FAE04EC0-301F-11D3-BF4B-00C04F79EFBC}") = "Sockets", "Sockets\Sockets.csproj", "{8578A77A-98A1-4D80-9586-AB25E99FB388}"
EndProject
Project("{FAE04EC0-301F-11D3-BF4B-00C04F79EFBC}") = "Optimization", "Optimization\Optimization.csproj", "{F58C34BD-7087-4B56-9601-A5A17F9D6011}"
EndProject
Project("{FAE04EC0-301F-11D3-BF4B-00C04F79EFBC}") = "SocketsClient", "SocketsClient\SocketsClient.csproj", "{C5270DD4-5F57-455A-A0E9-3B84D1D59DB9}"
EndProject
Global
	GlobalSection(SolutionConfigurationPlatforms) = preSolution
		Debug|Any CPU = Debug|Any CPU
		Release|Any CPU = Release|Any CPU
	EndGlobalSection
	GlobalSection(ProjectConfigurationPlatforms) = postSolution
		{1F5417AA-273E-449E-9C6C-AD557750191D}.Debug|Any CPU.ActiveCfg = Debug|Any CPU
		{1F5417AA-273E-449E-9C6C-AD557750191D}.Debug|Any CPU.Build.0 = Debug|Any CPU
		{1F5417AA-273E-449E-9C6C-AD557750191D}.Release|Any CPU.ActiveCfg = Release|Any CPU
		{1F5417AA-273E-449E-9C6C-AD557750191D}.Release|Any CPU.Build.0 = Release|Any CPU
		{49E91C72-70FB-4B2A-950D-8F8E190E46E8}.Debug|Any CPU.ActiveCfg = Debug|Any CPU
		{49E91C72-70FB-4B2A-950D-8F8E190E46E8}.Debug|Any CPU.Build.0 = Debug|Any CPU
		{49E91C72-70FB-4B2A-950D-8F8E190E46E8}.Release|Any CPU.ActiveCfg = Release|Any CPU
		{49E91C72-70FB-4B2A-950D-8F8E190E46E8}.Release|Any CPU.Build.0 = Release|Any CPU
		{8578A77A-98A1-4D80-9586-AB25E99FB388}.Debug|Any CPU.ActiveCfg = Debug|Any CPU
		{8578A77A-98A1-4D80-9586-AB25E99FB388}.Debug|Any CPU.Build.0 = Debug|Any CPU
		{8578A77A-98A1-4D80-9586-AB25E99FB388}.Release|Any CPU.ActiveCfg = Release|Any CPU
		{8578A77A-98A1-4D80-9586-AB25E99FB388}.Release|Any CPU.Build.0 = Release|Any CPU
		{F58C34BD-7087-4B56-9601-A5A17F9D6011}.Debug|Any CPU.ActiveCfg = Debug|Any CPU
		{F58C34BD-7087-4B56-9601-A5A17F9D6011}.Debug|Any CPU.Build.0 = Debug|Any CPU
		{F58C34BD-7087-4B56-9601-A5A17F9D6011}.Release|Any CPU.ActiveCfg = Release|Any CPU
		{F58C34BD-7087-4B56-9601-A5A17F9D6011}.Release|Any CPU.Build.0 = Release|Any CPU
		{C5270DD4-5F57-455A-A0E9-3B84D1D59DB9}.Debug|Any CPU.ActiveCfg = Debug|Any CPU
		{C5270DD4-5F57-455A-A0E9-3B84D1D59DB9}.Debug|Any CPU.Build.0 = Debug|Any CPU
		{C5270DD4-5F57-455A-A0E9-3B84D1D59DB9}.Release|Any CPU.ActiveCfg = Release|Any CPU
		{C5270DD4-5F57-455A-A0E9-3B84D1D59DB9}.Release|Any CPU.Build.0 = Release|Any CPU
	EndGlobalSection
	GlobalSection(SolutionProperties) = preSolution
		HideSolutionNode = FALSE
	EndGlobalSection
	GlobalSection(ExtensibilityGlobals) = postSolution
		SolutionGuid = {7110FBA9-75A8-4D22-817C-927549EAD7C8}
	EndGlobalSection
EndGlobal
